// !$*UTF8*$!
{
	archiveVersion = 1;
	classes = {
	};
	objectVersion = 50;
	objects = {

/* Begin PBXBuildFile section */
		2BA23D7B237D98C100158A0B /* AppDelegate.swift in Sources */ = {isa = PBXBuildFile; fileRef = 2BA23D7A237D98C100158A0B /* AppDelegate.swift */; };
		2BA23D7D237D98C100158A0B /* SceneDelegate.swift in Sources */ = {isa = PBXBuildFile; fileRef = 2BA23D7C237D98C100158A0B /* SceneDelegate.swift */; };
		2BA23D7F237D98C100158A0B /* ViewController.swift in Sources */ = {isa = PBXBuildFile; fileRef = 2BA23D7E237D98C100158A0B /* ViewController.swift */; };
		2BA23D82237D98C100158A0B /* Main.storyboard in Resources */ = {isa = PBXBuildFile; fileRef = 2BA23D80237D98C100158A0B /* Main.storyboard */; };
		2BA23D85237D98C100158A0B /* SpaceNews.xcdatamodeld in Sources */ = {isa = PBXBuildFile; fileRef = 2BA23D83237D98C100158A0B /* SpaceNews.xcdatamodeld */; };
		2BA23D87237D98C600158A0B /* Assets.xcassets in Resources */ = {isa = PBXBuildFile; fileRef = 2BA23D86237D98C600158A0B /* Assets.xcassets */; };
		2BA23D8A237D98C600158A0B /* LaunchScreen.storyboard in Resources */ = {isa = PBXBuildFile; fileRef = 2BA23D88237D98C600158A0B /* LaunchScreen.storyboard */; };
		2BA23D95237D98C700158A0B /* SpaceNewsUITests.swift in Sources */ = {isa = PBXBuildFile; fileRef = 2BA23D94237D98C700158A0B /* SpaceNewsUITests.swift */; };
		2BA23DA0237DA26C00158A0B /* ListViewController.swift in Sources */ = {isa = PBXBuildFile; fileRef = 2BA23D9F237DA26C00158A0B /* ListViewController.swift */; };
		2BA23DA4237ED4D700158A0B /* Model.swift in Sources */ = {isa = PBXBuildFile; fileRef = 2BA23DA3237ED4D700158A0B /* Model.swift */; };
/* End PBXBuildFile section */

/* Begin PBXContainerItemProxy section */
		2BA23D91237D98C700158A0B /* PBXContainerItemProxy */ = {
			isa = PBXContainerItemProxy;
			containerPortal = 2BA23D6F237D98C100158A0B /* Project object */;
			proxyType = 1;
			remoteGlobalIDString = 2BA23D76237D98C100158A0B;
			remoteInfo = SpaceNews;
		};
/* End PBXContainerItemProxy section */

/* Begin PBXFileReference section */
		2BA23D77237D98C100158A0B /* SpaceNews.app */ = {isa = PBXFileReference; explicitFileType = wrapper.application; includeInIndex = 0; path = SpaceNews.app; sourceTree = BUILT_PRODUCTS_DIR; };
		2BA23D7A237D98C100158A0B /* AppDelegate.swift */ = {isa = PBXFileReference; lastKnownFileType = sourcecode.swift; path = AppDelegate.swift; sourceTree = "<group>"; };
		2BA23D7C237D98C100158A0B /* SceneDelegate.swift */ = {isa = PBXFileReference; lastKnownFileType = sourcecode.swift; path = SceneDelegate.swift; sourceTree = "<group>"; };
		2BA23D7E237D98C100158A0B /* ViewController.swift */ = {isa = PBXFileReference; lastKnownFileType = sourcecode.swift; path = ViewController.swift; sourceTree = "<group>"; };
		2BA23D81237D98C100158A0B /* Base */ = {isa = PBXFileReference; lastKnownFileType = file.storyboard; name = Base; path = Base.lproj/Main.storyboard; sourceTree = "<group>"; };
		2BA23D84237D98C100158A0B /* SpaceNews.xcdatamodel */ = {isa = PBXFileReference; lastKnownFileType = wrapper.xcdatamodel; path = SpaceNews.xcdatamodel; sourceTree = "<group>"; };
		2BA23D86237D98C600158A0B /* Assets.xcassets */ = {isa = PBXFileReference; lastKnownFileType = folder.assetcatalog; path = Assets.xcassets; sourceTree = "<group>"; };
		2BA23D89237D98C600158A0B /* Base */ = {isa = PBXFileReference; lastKnownFileType = file.storyboard; name = Base; path = Base.lproj/LaunchScreen.storyboard; sourceTree = "<group>"; };
		2BA23D8B237D98C600158A0B /* Info.plist */ = {isa = PBXFileReference; lastKnownFileType = text.plist.xml; path = Info.plist; sourceTree = "<group>"; };
		2BA23D90237D98C700158A0B /* SpaceNewsUITests.xctest */ = {isa = PBXFileReference; explicitFileType = wrapper.cfbundle; includeInIndex = 0; path = SpaceNewsUITests.xctest; sourceTree = BUILT_PRODUCTS_DIR; };
		2BA23D94237D98C700158A0B /* SpaceNewsUITests.swift */ = {isa = PBXFileReference; lastKnownFileType = sourcecode.swift; path = SpaceNewsUITests.swift; sourceTree = "<group>"; };
		2BA23D96237D98C700158A0B /* Info.plist */ = {isa = PBXFileReference; lastKnownFileType = text.plist.xml; path = Info.plist; sourceTree = "<group>"; };
		2BA23D9F237DA26C00158A0B /* ListViewController.swift */ = {isa = PBXFileReference; lastKnownFileType = sourcecode.swift; path = ListViewController.swift; sourceTree = "<group>"; };
		2BA23DA3237ED4D700158A0B /* Model.swift */ = {isa = PBXFileReference; lastKnownFileType = sourcecode.swift; path = Model.swift; sourceTree = "<group>"; };
/* End PBXFileReference section */

/* Begin PBXFrameworksBuildPhase section */
		2BA23D74237D98C100158A0B /* Frameworks */ = {
			isa = PBXFrameworksBuildPhase;
			buildActionMask = 2147483647;
			files = (
			);
			runOnlyForDeploymentPostprocessing = 0;
		};
		2BA23D8D237D98C700158A0B /* Frameworks */ = {
			isa = PBXFrameworksBuildPhase;
			buildActionMask = 2147483647;
			files = (
			);
			runOnlyForDeploymentPostprocessing = 0;
		};
/* End PBXFrameworksBuildPhase section */

/* Begin PBXGroup section */
		2BA23D6E237D98C100158A0B = {
			isa = PBXGroup;
			children = (
				2BA23D79237D98C100158A0B /* SpaceNews */,
				2BA23D93237D98C700158A0B /* SpaceNewsUITests */,
				2BA23D78237D98C100158A0B /* Products */,
			);
			sourceTree = "<group>";
		};
		2BA23D78237D98C100158A0B /* Products */ = {
			isa = PBXGroup;
			children = (
				2BA23D77237D98C100158A0B /* SpaceNews.app */,
				2BA23D90237D98C700158A0B /* SpaceNewsUITests.xctest */,
			);
			name = Products;
			sourceTree = "<group>";
		};
		2BA23D79237D98C100158A0B /* SpaceNews */ = {
			isa = PBXGroup;
			children = (
				2BA23D7A237D98C100158A0B /* AppDelegate.swift */,
				2BA23D7C237D98C100158A0B /* SceneDelegate.swift */,
				2BA23D7E237D98C100158A0B /* ViewController.swift */,
				2BA23D9F237DA26C00158A0B /* ListViewController.swift */,
				2BA23D80237D98C100158A0B /* Main.storyboard */,
				2BA23D88237D98C600158A0B /* LaunchScreen.storyboard */,
				2BA23DA3237ED4D700158A0B /* Model.swift */,
				2BA23D86237D98C600158A0B /* Assets.xcassets */,
				2BA23D8B237D98C600158A0B /* Info.plist */,
				2BA23D83237D98C100158A0B /* SpaceNews.xcdatamodeld */,
			);
			path = SpaceNews;
			sourceTree = "<group>";
		};
		2BA23D93237D98C700158A0B /* SpaceNewsUITests */ = {
			isa = PBXGroup;
			children = (
				2BA23D94237D98C700158A0B /* SpaceNewsUITests.swift */,
				2BA23D96237D98C700158A0B /* Info.plist */,
			);
			path = SpaceNewsUITests;
			sourceTree = "<group>";
		};
/* End PBXGroup section */

/* Begin PBXNativeTarget section */
		2BA23D76237D98C100158A0B /* SpaceNews */ = {
			isa = PBXNativeTarget;
			buildConfigurationList = 2BA23D99237D98C700158A0B /* Build configuration list for PBXNativeTarget "SpaceNews" */;
			buildPhases = (
				2BA23D73237D98C100158A0B /* Sources */,
				2BA23D74237D98C100158A0B /* Frameworks */,
				2BA23D75237D98C100158A0B /* Resources */,
			);
			buildRules = (
			);
			dependencies = (
			);
			name = SpaceNews;
			productName = SpaceNews;
			productReference = 2BA23D77237D98C100158A0B /* SpaceNews.app */;
			productType = "com.apple.product-type.application";
		};
		2BA23D8F237D98C700158A0B /* SpaceNewsUITests */ = {
			isa = PBXNativeTarget;
			buildConfigurationList = 2BA23D9C237D98C700158A0B /* Build configuration list for PBXNativeTarget "SpaceNewsUITests" */;
			buildPhases = (
				2BA23D8C237D98C700158A0B /* Sources */,
				2BA23D8D237D98C700158A0B /* Frameworks */,
				2BA23D8E237D98C700158A0B /* Resources */,
			);
			buildRules = (
			);
			dependencies = (
				2BA23D92237D98C700158A0B /* PBXTargetDependency */,
			);
			name = SpaceNewsUITests;
			productName = SpaceNewsUITests;
			productReference = 2BA23D90237D98C700158A0B /* SpaceNewsUITests.xctest */;
			productType = "com.apple.product-type.bundle.ui-testing";
		};
/* End PBXNativeTarget section */

/* Begin PBXProject section */
		2BA23D6F237D98C100158A0B /* Project object */ = {
			isa = PBXProject;
			attributes = {
				LastSwiftUpdateCheck = 1110;
				LastUpgradeCheck = 1110;
				ORGANIZATIONNAME = Parakluence;
				TargetAttributes = {
					2BA23D76237D98C100158A0B = {
						CreatedOnToolsVersion = 11.1;
					};
					2BA23D8F237D98C700158A0B = {
						CreatedOnToolsVersion = 11.1;
						TestTargetID = 2BA23D76237D98C100158A0B;
					};
				};
			};
			buildConfigurationList = 2BA23D72237D98C100158A0B /* Build configuration list for PBXProject "SpaceNews" */;
			compatibilityVersion = "Xcode 9.3";
			developmentRegion = en;
			hasScannedForEncodings = 0;
			knownRegions = (
				en,
				Base,
			);
			mainGroup = 2BA23D6E237D98C100158A0B;
			productRefGroup = 2BA23D78237D98C100158A0B /* Products */;
			projectDirPath = "";
			projectRoot = "";
			targets = (
				2BA23D76237D98C100158A0B /* SpaceNews */,
				2BA23D8F237D98C700158A0B /* SpaceNewsUITests */,
			);
		};
/* End PBXProject section */

/* Begin PBXResourcesBuildPhase section */
		2BA23D75237D98C100158A0B /* Resources */ = {
			isa = PBXResourcesBuildPhase;
			buildActionMask = 2147483647;
			files = (
				2BA23D8A237D98C600158A0B /* LaunchScreen.storyboard in Resources */,
				2BA23D87237D98C600158A0B /* Assets.xcassets in Resources */,
				2BA23D82237D98C100158A0B /* Main.storyboard in Resources */,
			);
			runOnlyForDeploymentPostprocessing = 0;
		};
		2BA23D8E237D98C700158A0B /* Resources */ = {
			isa = PBXResourcesBuildPhase;
			buildActionMask = 2147483647;
			files = (
			);
			runOnlyForDeploymentPostprocessing = 0;
		};
/* End PBXResourcesBuildPhase section */

/* Begin PBXSourcesBuildPhase section */
		2BA23D73237D98C100158A0B /* Sources */ = {
			isa = PBXSourcesBuildPhase;
			buildActionMask = 2147483647;
			files = (
				2BA23D7F237D98C100158A0B /* ViewController.swift in Sources */,
				2BA23D7B237D98C100158A0B /* AppDelegate.swift in Sources */,
				2BA23D7D237D98C100158A0B /* SceneDelegate.swift in Sources */,
				2BA23DA4237ED4D700158A0B /* Model.swift in Sources */,
				2BA23DA0237DA26C00158A0B /* ListViewController.swift in Sources */,
				2BA23D85237D98C100158A0B /* SpaceNews.xcdatamodeld in Sources */,
			);
			runOnlyForDeploymentPostprocessing = 0;
		};
		2BA23D8C237D98C700158A0B /* Sources */ = {
			isa = PBXSourcesBuildPhase;
			buildActionMask = 2147483647;
			files = (
				2BA23D95237D98C700158A0B /* SpaceNewsUITests.swift in Sources */,
			);
			runOnlyForDeploymentPostprocessing = 0;
		};
/* End PBXSourcesBuildPhase section */

/* Begin PBXTargetDependency section */
		2BA23D92237D98C700158A0B /* PBXTargetDependency */ = {
			isa = PBXTargetDependency;
			target = 2BA23D76237D98C100158A0B /* SpaceNews */;
			targetProxy = 2BA23D91237D98C700158A0B /* PBXContainerItemProxy */;
		};
/* End PBXTargetDependency section */

/* Begin PBXVariantGroup section */
		2BA23D80237D98C100158A0B /* Main.storyboard */ = {
			isa = PBXVariantGroup;
			children = (
				2BA23D81237D98C100158A0B /* Base */,
			);
			name = Main.storyboard;
			sourceTree = "<group>";
		};
		2BA23D88237D98C600158A0B /* LaunchScreen.storyboard */ = {
			isa = PBXVariantGroup;
			children = (
				2BA23D89237D98C600158A0B /* Base */,
			);
			name = LaunchScreen.storyboard;
			sourceTree = "<group>";
		};
/* End PBXVariantGroup section */

/* Begin XCBuildConfiguration section */
		2BA23D97237D98C700158A0B /* Debug */ = {
			isa = XCBuildConfiguration;
			buildSettings = {
				ALWAYS_SEARCH_USER_PATHS = NO;
				CLANG_ANALYZER_NONNULL = YES;
				CLANG_ANALYZER_NUMBER_OBJECT_CONVERSION = YES_AGGRESSIVE;
				CLANG_CXX_LANGUAGE_STANDARD = "gnu++14";
				CLANG_CXX_LIBRARY = "libc++";
				CLANG_ENABLE_MODULES = YES;
				CLANG_ENABLE_OBJC_ARC = YES;
				CLANG_ENABLE_OBJC_WEAK = YES;
				CLANG_WARN_BLOCK_CAPTURE_AUTORELEASING = YES;
				CLANG_WARN_BOOL_CONVERSION = YES;
				CLANG_WARN_COMMA = YES;
				CLANG_WARN_CONSTANT_CONVERSION = YES;
				CLANG_WARN_DEPRECATED_OBJC_IMPLEMENTATIONS = YES;
				CLANG_WARN_DIRECT_OBJC_ISA_USAGE = YES_ERROR;
				CLANG_WARN_DOCUMENTATION_COMMENTS = YES;
				CLANG_WARN_EMPTY_BODY = YES;
				CLANG_WARN_ENUM_CONVERSION = YES;
				CLANG_WARN_INFINITE_RECURSION = YES;
				CLANG_WARN_INT_CONVERSION = YES;
				CLANG_WARN_NON_LITERAL_NULL_CONVERSION = YES;
				CLANG_WARN_OBJC_IMPLICIT_RETAIN_SELF = YES;
				CLANG_WARN_OBJC_LITERAL_CONVERSION = YES;
				CLANG_WARN_OBJC_ROOT_CLASS = YES_ERROR;
				CLANG_WARN_RANGE_LOOP_ANALYSIS = YES;
				CLANG_WARN_STRICT_PROTOTYPES = YES;
				CLANG_WARN_SUSPICIOUS_MOVE = YES;
				CLANG_WARN_UNGUARDED_AVAILABILITY = YES_AGGRESSIVE;
				CLANG_WARN_UNREACHABLE_CODE = YES;
				CLANG_WARN__DUPLICATE_METHOD_MATCH = YES;
				COPY_PHASE_STRIP = NO;
				DEBUG_INFORMATION_FORMAT = dwarf;
				ENABLE_STRICT_OBJC_MSGSEND = YES;
				ENABLE_TESTABILITY = YES;
				GCC_C_LANGUAGE_STANDARD = gnu11;
				GCC_DYNAMIC_NO_PIC = NO;
				GCC_NO_COMMON_BLOCKS = YES;
				GCC_OPTIMIZATION_LEVEL = 0;
				GCC_PREPROCESSOR_DEFINITIONS = (
					"DEBUG=1",
					"$(inherited)",
				);
				GCC_WARN_64_TO_32_BIT_CONVERSION = YES;
				GCC_WARN_ABOUT_RETURN_TYPE = YES_ERROR;
				GCC_WARN_UNDECLARED_SELECTOR = YES;
				GCC_WARN_UNINITIALIZED_AUTOS = YES_AGGRESSIVE;
				GCC_WARN_UNUSED_FUNCTION = YES;
				GCC_WARN_UNUSED_VARIABLE = YES;
				IPHONEOS_DEPLOYMENT_TARGET = 13.1;
				MTL_ENABLE_DEBUG_INFO = INCLUDE_SOURCE;
				MTL_FAST_MATH = YES;
				ONLY_ACTIVE_ARCH = YES;
				SDKROOT = iphoneos;
				SWIFT_ACTIVE_COMPILATION_CONDITIONS = DEBUG;
				SWIFT_OPTIMIZATION_LEVEL = "-Onone";
			};
			name = Debug;
		};
		2BA23D98237D98C700158A0B /* Release */ = {
			isa = XCBuildConfiguration;
			buildSettings = {
				ALWAYS_SEARCH_USER_PATHS = NO;
				CLANG_ANALYZER_NONNULL = YES;
				CLANG_ANALYZER_NUMBER_OBJECT_CONVERSION = YES_AGGRESSIVE;
				CLANG_CXX_LANGUAGE_STANDARD = "gnu++14";
				CLANG_CXX_LIBRARY = "libc++";
				CLANG_ENABLE_MODULES = YES;
				CLANG_ENABLE_OBJC_ARC = YES;
				CLANG_ENABLE_OBJC_WEAK = YES;
				CLANG_WARN_BLOCK_CAPTURE_AUTORELEASING = YES;
				CLANG_WARN_BOOL_CONVERSION = YES;
				CLANG_WARN_COMMA = YES;
				CLANG_WARN_CONSTANT_CONVERSION = YES;
				CLANG_WARN_DEPRECATED_OBJC_IMPLEMENTATIONS = YES;
				CLANG_WARN_DIRECT_OBJC_ISA_USAGE = YES_ERROR;
				CLANG_WARN_DOCUMENTATION_COMMENTS = YES;
				CLANG_WARN_EMPTY_BODY = YES;
				CLANG_WARN_ENUM_CONVERSION = YES;
				CLANG_WARN_INFINITE_RECURSION = YES;
				CLANG_WARN_INT_CONVERSION = YES;
				CLANG_WARN_NON_LITERAL_NULL_CONVERSION = YES;
				CLANG_WARN_OBJC_IMPLICIT_RETAIN_SELF = YES;
				CLANG_WARN_OBJC_LITERAL_CONVERSION = YES;
				CLANG_WARN_OBJC_ROOT_CLASS = YES_ERROR;
				CLANG_WARN_RANGE_LOOP_ANALYSIS = YES;
				CLANG_WARN_STRICT_PROTOTYPES = YES;
				CLANG_WARN_SUSPICIOUS_MOVE = YES;
				CLANG_WARN_UNGUARDED_AVAILABILITY = YES_AGGRESSIVE;
				CLANG_WARN_UNREACHABLE_CODE = YES;
				CLANG_WARN__DUPLICATE_METHOD_MATCH = YES;
				COPY_PHASE_STRIP = NO;
				DEBUG_INFORMATION_FORMAT = "dwarf-with-dsym";
				ENABLE_NS_ASSERTIONS = NO;
				ENABLE_STRICT_OBJC_MSGSEND = YES;
				GCC_C_LANGUAGE_STANDARD = gnu11;
				GCC_NO_COMMON_BLOCKS = YES;
				GCC_WARN_64_TO_32_BIT_CONVERSION = YES;
				GCC_WARN_ABOUT_RETURN_TYPE = YES_ERROR;
				GCC_WARN_UNDECLARED_SELECTOR = YES;
				GCC_WARN_UNINITIALIZED_AUTOS = YES_AGGRESSIVE;
				GCC_WARN_UNUSED_FUNCTION = YES;
				GCC_WARN_UNUSED_VARIABLE = YES;
				IPHONEOS_DEPLOYMENT_TARGET = 13.1;
				MTL_ENABLE_DEBUG_INFO = NO;
				MTL_FAST_MATH = YES;
				SDKROOT = iphoneos;
				SWIFT_COMPILATION_MODE = wholemodule;
				SWIFT_OPTIMIZATION_LEVEL = "-O";
				VALIDATE_PRODUCT = YES;
			};
			name = Release;
		};
		2BA23D9A237D98C700158A0B /* Debug */ = {
			isa = XCBuildConfiguration;
			buildSettings = {
				ASSETCATALOG_COMPILER_APPICON_NAME = AppIcon;
				CODE_SIGN_STYLE = Automatic;
				DEVELOPMENT_TEAM = 489JK8PZ4S;
				INFOPLIST_FILE = SpaceNews/Info.plist;
				LD_RUNPATH_SEARCH_PATHS = (
					"$(inherited)",
					"@executable_path/Frameworks",
				);
				PRODUCT_BUNDLE_IDENTIFIER = com.lera.SpaceNews;
				PRODUCT_NAME = "$(TARGET_NAME)";
				SWIFT_VERSION = 5.0;
				TARGETED_DEVICE_FAMILY = "1,2";
			};
			name = Debug;
		};
		2BA23D9B237D98C700158A0B /* Release */ = {
			isa = XCBuildConfiguration;
			buildSettings = {
				ASSETCATALOG_COMPILER_APPICON_NAME = AppIcon;
				CODE_SIGN_STYLE = Automatic;
				DEVELOPMENT_TEAM = 489JK8PZ4S;
				INFOPLIST_FILE = SpaceNews/Info.plist;
				LD_RUNPATH_SEARCH_PATHS = (
					"$(inherited)",
					"@executable_path/Frameworks",
				);
				PRODUCT_BUNDLE_IDENTIFIER = com.lera.SpaceNews;
				PRODUCT_NAME = "$(TARGET_NAME)";
				SWIFT_VERSION = 5.0;
				TARGETED_DEVICE_FAMILY = "1,2";
			};
			name = Release;
		};
		2BA23D9D237D98C700158A0B /* Debug */ = {
			isa = XCBuildConfiguration;
			buildSettings = {
				ALWAYS_EMBED_SWIFT_STANDARD_LIBRARIES = YES;
				CODE_SIGN_STYLE = Automatic;
				DEVELOPMENT_TEAM = 489JK8PZ4S;
				INFOPLIST_FILE = SpaceNewsUITests/Info.plist;
				LD_RUNPATH_SEARCH_PATHS = (
					"$(inherited)",
					"@executable_path/Frameworks",
					"@loader_path/Frameworks",
				);
				PRODUCT_BUNDLE_IDENTIFIER = com.lera.SpaceNewsUITests;
				PRODUCT_NAME = "$(TARGET_NAME)";
				SWIFT_VERSION = 5.0;
				TARGETED_DEVICE_FAMILY = "1,2";
				TEST_TARGET_NAME = SpaceNews;
			};
			name = Debug;
		};
		2BA23D9E237D98C700158A0B /* Release */ = {
			isa = XCBuildConfiguration;
			buildSettings = {
				ALWAYS_EMBED_SWIFT_STANDARD_LIBRARIES = YES;
				CODE_SIGN_STYLE = Automatic;
				DEVELOPMENT_TEAM = 489JK8PZ4S;
				INFOPLIST_FILE = SpaceNewsUITests/Info.plist;
				LD_RUNPATH_SEARCH_PATHS = (
					"$(inherited)",
					"@executable_path/Frameworks",
					"@loader_path/Frameworks",
				);
				PRODUCT_BUNDLE_IDENTIFIER = com.lera.SpaceNewsUITests;
				PRODUCT_NAME = "$(TARGET_NAME)";
				SWIFT_VERSION = 5.0;
				TARGETED_DEVICE_FAMILY = "1,2";
				TEST_TARGET_NAME = SpaceNews;
			};
			name = Release;
		};
/* End XCBuildConfiguration section */

/* Begin XCConfigurationList section */
		2BA23D72237D98C100158A0B /* Build configuration list for PBXProject "SpaceNews" */ = {
			isa = XCConfigurationList;
			buildConfigurations = (
				2BA23D97237D98C700158A0B /* Debug */,
				2BA23D98237D98C700158A0B /* Release */,
			);
			defaultConfigurationIsVisible = 0;
			defaultConfigurationName = Release;
		};
		2BA23D99237D98C700158A0B /* Build configuration list for PBXNativeTarget "SpaceNews" */ = {
			isa = XCConfigurationList;
			buildConfigurations = (
				2BA23D9A237D98C700158A0B /* Debug */,
				2BA23D9B237D98C700158A0B /* Release */,
			);
			defaultConfigurationIsVisible = 0;
			defaultConfigurationName = Release;
		};
		2BA23D9C237D98C700158A0B /* Build configuration list for PBXNativeTarget "SpaceNewsUITests" */ = {
			isa = XCConfigurationList;
			buildConfigurations = (
				2BA23D9D237D98C700158A0B /* Debug */,
				2BA23D9E237D98C700158A0B /* Release */,
			);
			defaultConfigurationIsVisible = 0;
			defaultConfigurationName = Release;
		};
/* End XCConfigurationList section */

/* Begin XCVersionGroup section */
		2BA23D83237D98C100158A0B /* SpaceNews.xcdatamodeld */ = {
			isa = XCVersionGroup;
			children = (
				2BA23D84237D98C100158A0B /* SpaceNews.xcdatamodel */,
			);
			currentVersion = 2BA23D84237D98C100158A0B /* SpaceNews.xcdatamodel */;
			path = SpaceNews.xcdatamodeld;
			sourceTree = "<group>";
			versionGroupType = wrapper.xcdatamodel;
		};
/* End XCVersionGroup section */
	};
	rootObject = 2BA23D6F237D98C100158A0B /* Project object */;
}
